
Microsoft Visual Studio Solution File, Format Version 12.00
# Visual Studio Version 17
VisualStudioVersion = 17.5.002.0
MinimumVisualStudioVersion = 10.0.40219.1
Project("{9A19103F-16F7-4668-BE54-9A1E7A4F7556}") = "HotelProgram", "HotelProgram.csproj", "{245DC133-3A45-4717-BFDC-8B423DF61568}"
EndProject
Global
	GlobalSection(SolutionConfigurationPlatforms) = preSolution
		Debug|Any CPU = Debug|Any CPU
		Release|Any CPU = Release|Any CPU
	EndGlobalSection
	GlobalSection(ProjectConfigurationPlatforms) = postSolution
		{245DC133-3A45-4717-BFDC-8B423DF61568}.Debug|Any CPU.ActiveCfg = Debug|Any CPU
		{245DC133-3A45-4717-BFDC-8B423DF61568}.Debug|Any CPU.Build.0 = Debug|Any CPU
		{245DC133-3A45-4717-BFDC-8B423DF61568}.Release|Any CPU.ActiveCfg = Release|Any CPU
		{245DC133-3A45-4717-BFDC-8B423DF61568}.Release|Any CPU.Build.0 = Release|Any CPU
	EndGlobalSection
	GlobalSection(SolutionProperties) = preSolution
		HideSolutionNode = FALSE
	EndGlobalSection
	GlobalSection(ExtensibilityGlobals) = postSolution
		SolutionGuid = {EE3D7046-4956-4B7F-996D-572E8A5806FC}
	EndGlobalSection
EndGlobal
